
Microsoft Visual Studio Solution File, Format Version 12.00
# Visual Studio Version 17
VisualStudioVersion = 17.14.36414.22 d17.14
MinimumVisualStudioVersion = 10.0.40219.1
Project("{8BC9CEB8-8B4A-11D0-8D11-00A0C91BC942}") = "A1_Basics", "A1_Basics\A1_Basics.vcxproj", "{CAAC3464-958F-4760-99A9-C848F105EF76}"
EndProject
Global
	GlobalSection(SolutionConfigurationPlatforms) = preSolution
		Debug|x64 = Debug|x64
		Debug|x86 = Debug|x86
		Release|x64 = Release|x64
		Release|x86 = Release|x86
	EndGlobalSection
	GlobalSection(ProjectConfigurationPlatforms) = postSolution
		{CAAC3464-958F-4760-99A9-C848F105EF76}.Debug|x64.ActiveCfg = Debug|x64
		{CAAC3464-958F-4760-99A9-C848F105EF76}.Debug|x64.Build.0 = Debug|x64
		{CAAC3464-958F-4760-99A9-C848F105EF76}.Debug|x86.ActiveCfg = Debug|Win32
		{CAAC3464-958F-4760-99A9-C848F105EF76}.Debug|x86.Build.0 = Debug|Win32
		{CAAC3464-958F-4760-99A9-C848F105EF76}.Release|x64.ActiveCfg = Release|x64
		{CAAC3464-958F-4760-99A9-C848F105EF76}.Release|x64.Build.0 = Release|x64
		{CAAC3464-958F-4760-99A9-C848F105EF76}.Release|x86.ActiveCfg = Release|Win32
		{CAAC3464-958F-4760-99A9-C848F105EF76}.Release|x86.Build.0 = Release|Win32
	EndGlobalSection
	GlobalSection(SolutionProperties) = preSolution
		HideSolutionNode = FALSE
	EndGlobalSection
	GlobalSection(ExtensibilityGlobals) = postSolution
		SolutionGuid = {CAA6D161-63C4-4EE6-BB35-A03FCF290B44}
	EndGlobalSection
EndGlobal
